
Microsoft Visual Studio Solution File, Format Version 12.00
# Visual Studio Version 16
VisualStudioVersion = 16.0.30621.155
MinimumVisualStudioVersion = 10.0.40219.1
Project("{9A19103F-16F7-4668-BE54-9A1E7A4F7556}") = "Puissance4", "Puissance4.csproj", "{5636B925-1504-400D-9DDF-1AAB12C30320}"
EndProject
Global
	GlobalSection(SolutionConfigurationPlatforms) = preSolution
		Debug|Any CPU = Debug|Any CPU
		Release|Any CPU = Release|Any CPU
	EndGlobalSection
	GlobalSection(ProjectConfigurationPlatforms) = postSolution
		{5636B925-1504-400D-9DDF-1AAB12C30320}.Debug|Any CPU.ActiveCfg = Debug|Any CPU
		{5636B925-1504-400D-9DDF-1AAB12C30320}.Debug|Any CPU.Build.0 = Debug|Any CPU
		{5636B925-1504-400D-9DDF-1AAB12C30320}.Release|Any CPU.ActiveCfg = Release|Any CPU
		{5636B925-1504-400D-9DDF-1AAB12C30320}.Release|Any CPU.Build.0 = Release|Any CPU
	EndGlobalSection
	GlobalSection(SolutionProperties) = preSolution
		HideSolutionNode = FALSE
	EndGlobalSection
	GlobalSection(ExtensibilityGlobals) = postSolution
		SolutionGuid = {CDAFBB79-9FC5-4C2A-99D0-9CF0E3858E22}
	EndGlobalSection
EndGlobal
